
Microsoft Visual Studio Solution File, Format Version 12.00
# Visual Studio 15
VisualStudioVersion = 15.0.28010.2036
MinimumVisualStudioVersion = 10.0.40219.1
Project("{9A19103F-16F7-4668-BE54-9A1E7A4F7556}") = "NerLaiko", "NerLaiko\NerLaiko.csproj", "{4548ADAF-5972-48C5-BCB4-C99005B4DB8F}"
EndProject
Project("{FAE04EC0-301F-11D3-BF4B-00C04F79EFBC}") = "FridgeAPI", "FridgeAPI\FridgeAPI.csproj", "{AF5CE876-C1C4-41AC-BE7C-75993BE65B65}"
EndProject
Global
	GlobalSection(SolutionConfigurationPlatforms) = preSolution
		Debug|Any CPU = Debug|Any CPU
		Release|Any CPU = Release|Any CPU
	EndGlobalSection
	GlobalSection(ProjectConfigurationPlatforms) = postSolution
		{4548ADAF-5972-48C5-BCB4-C99005B4DB8F}.Debug|Any CPU.ActiveCfg = Debug|Any CPU
		{4548ADAF-5972-48C5-BCB4-C99005B4DB8F}.Debug|Any CPU.Build.0 = Debug|Any CPU
		{4548ADAF-5972-48C5-BCB4-C99005B4DB8F}.Release|Any CPU.ActiveCfg = Release|Any CPU
		{4548ADAF-5972-48C5-BCB4-C99005B4DB8F}.Release|Any CPU.Build.0 = Release|Any CPU
		{AF5CE876-C1C4-41AC-BE7C-75993BE65B65}.Debug|Any CPU.ActiveCfg = Debug|Any CPU
		{AF5CE876-C1C4-41AC-BE7C-75993BE65B65}.Debug|Any CPU.Build.0 = Debug|Any CPU
		{AF5CE876-C1C4-41AC-BE7C-75993BE65B65}.Release|Any CPU.ActiveCfg = Release|Any CPU
		{AF5CE876-C1C4-41AC-BE7C-75993BE65B65}.Release|Any CPU.Build.0 = Release|Any CPU
	EndGlobalSection
	GlobalSection(SolutionProperties) = preSolution
		HideSolutionNode = FALSE
	EndGlobalSection
	GlobalSection(ExtensibilityGlobals) = postSolution
		SolutionGuid = {6C9FF43E-E2F5-4B56-9EFC-11B01FD4409A}
	EndGlobalSection
EndGlobal
